
Microsoft Visual Studio Solution File, Format Version 12.00
# Visual Studio Version 17
VisualStudioVersion = 17.7.34221.43
MinimumVisualStudioVersion = 10.0.40219.1
Project("{FAE04EC0-301F-11D3-BF4B-00C04F79EFBC}") = "FA_BaseTemplate", "FA_BaseTemplate.csproj", "{552A69EA-E578-45C6-9D05-F140E8C481E2}"
EndProject
Global
	GlobalSection(SolutionConfigurationPlatforms) = preSolution
		Debug|Any CPU = Debug|Any CPU
		Release|Any CPU = Release|Any CPU
	EndGlobalSection
	GlobalSection(ProjectConfigurationPlatforms) = postSolution
		{552A69EA-E578-45C6-9D05-F140E8C481E2}.Debug|Any CPU.ActiveCfg = Debug|Any CPU
		{552A69EA-E578-45C6-9D05-F140E8C481E2}.Debug|Any CPU.Build.0 = Debug|Any CPU
		{552A69EA-E578-45C6-9D05-F140E8C481E2}.Release|Any CPU.ActiveCfg = Release|Any CPU
		{552A69EA-E578-45C6-9D05-F140E8C481E2}.Release|Any CPU.Build.0 = Release|Any CPU
	EndGlobalSection
	GlobalSection(SolutionProperties) = preSolution
		HideSolutionNode = FALSE
	EndGlobalSection
	GlobalSection(ExtensibilityGlobals) = postSolution
		SolutionGuid = {21DE5A62-6B40-41AC-9747-E5185E27ADD2}
	EndGlobalSection
EndGlobal
